
Microsoft Visual Studio Solution File, Format Version 12.00
# Visual Studio Version 16
VisualStudioVersion = 16.0.30204.135
MinimumVisualStudioVersion = 10.0.40219.1
Project("{9A19103F-16F7-4668-BE54-9A1E7A4F7556}") = "VWE.My.Web", "VWE.My.Web\VWE.My.Web.csproj", "{2BD46917-4289-48CD-93A4-F9C25AFA1033}"
EndProject
Project("{FAE04EC0-301F-11D3-BF4B-00C04F79EFBC}") = "VWE.My.Data", "VWE.My.Data\VWE.My.Data.csproj", "{5CEE3D32-574F-419C-AFD0-227F42D72F1C}"
EndProject
Project("{FAE04EC0-301F-11D3-BF4B-00C04F79EFBC}") = "VWE.My.Services", "VWE.My.Services\VWE.My.Services.csproj", "{F9B583AD-0AE3-401F-BDDE-1D7C9DE280B7}"
EndProject
Project("{FAE04EC0-301F-11D3-BF4B-00C04F79EFBC}") = "VWE.My.Tests", "VWE.My.Tests\VWE.My.Tests.csproj", "{2E95C3F4-D3AA-471F-B0D8-17D7768718A4}"
EndProject
Global
	GlobalSection(SolutionConfigurationPlatforms) = preSolution
		Debug|Any CPU = Debug|Any CPU
		Release|Any CPU = Release|Any CPU
	EndGlobalSection
	GlobalSection(ProjectConfigurationPlatforms) = postSolution
		{2BD46917-4289-48CD-93A4-F9C25AFA1033}.Debug|Any CPU.ActiveCfg = Debug|Any CPU
		{2BD46917-4289-48CD-93A4-F9C25AFA1033}.Debug|Any CPU.Build.0 = Debug|Any CPU
		{2BD46917-4289-48CD-93A4-F9C25AFA1033}.Release|Any CPU.ActiveCfg = Release|Any CPU
		{2BD46917-4289-48CD-93A4-F9C25AFA1033}.Release|Any CPU.Build.0 = Release|Any CPU
		{5CEE3D32-574F-419C-AFD0-227F42D72F1C}.Debug|Any CPU.ActiveCfg = Debug|Any CPU
		{5CEE3D32-574F-419C-AFD0-227F42D72F1C}.Debug|Any CPU.Build.0 = Debug|Any CPU
		{5CEE3D32-574F-419C-AFD0-227F42D72F1C}.Release|Any CPU.ActiveCfg = Release|Any CPU
		{5CEE3D32-574F-419C-AFD0-227F42D72F1C}.Release|Any CPU.Build.0 = Release|Any CPU
		{F9B583AD-0AE3-401F-BDDE-1D7C9DE280B7}.Debug|Any CPU.ActiveCfg = Debug|Any CPU
		{F9B583AD-0AE3-401F-BDDE-1D7C9DE280B7}.Debug|Any CPU.Build.0 = Debug|Any CPU
		{F9B583AD-0AE3-401F-BDDE-1D7C9DE280B7}.Release|Any CPU.ActiveCfg = Release|Any CPU
		{F9B583AD-0AE3-401F-BDDE-1D7C9DE280B7}.Release|Any CPU.Build.0 = Release|Any CPU
		{2E95C3F4-D3AA-471F-B0D8-17D7768718A4}.Debug|Any CPU.ActiveCfg = Debug|Any CPU
		{2E95C3F4-D3AA-471F-B0D8-17D7768718A4}.Debug|Any CPU.Build.0 = Debug|Any CPU
		{2E95C3F4-D3AA-471F-B0D8-17D7768718A4}.Release|Any CPU.ActiveCfg = Release|Any CPU
		{2E95C3F4-D3AA-471F-B0D8-17D7768718A4}.Release|Any CPU.Build.0 = Release|Any CPU
	EndGlobalSection
	GlobalSection(SolutionProperties) = preSolution
		HideSolutionNode = FALSE
	EndGlobalSection
	GlobalSection(ExtensibilityGlobals) = postSolution
		SolutionGuid = {79C2CDC4-124C-4476-8223-33EA97B3A01E}
	EndGlobalSection
EndGlobal
